{"is_source_file": false, "format": "", "description": "", "external_files": [], "external_methods": [], "published": [], "classes": [], "methods": [], "calls": [], "search-terms": [], "state": 2, "file_id": 6, "knowledge_revision": 139, "git_revision": "a482b086312d0ee3a2d26ad79bf57d8de90d1e17", "hash": "3e088bc3ef2b27e72da13a5f953edd64", "format-version": 4, "code-base-name": "default", "filename": "tic_tac_toe/ios/Runner.xcodeproj/xcshareddata/xcschemes/Runner.xcscheme", "revision_history": [{"139": "a482b086312d0ee3a2d26ad79bf57d8de90d1e17"}]}