{"is_source_file": false, "format": null, "description": null, "external_files": [], "external_methods": [], "published": [], "classes": [], "methods": [], "calls": [], "search-terms": [], "state": 2, "file_id": 5, "knowledge_revision": 149, "git_revision": "a482b086312d0ee3a2d26ad79bf57d8de90d1e17", "hash": "79f024ce59e0eef09b5c11e5b987b604", "format-version": 4, "code-base-name": "default", "filename": "tic_tac_toe/ios/Runner.xcodeproj/project.pbxproj", "revision_history": [{"149": "a482b086312d0ee3a2d26ad79bf57d8de90d1e17"}]}